{
  "name": "sonos-nfc",
  "version": "0.1.0",
  "lockfileVersion": 3,
  "requires": true,
  "packages": {
    "": {
      "name": "sonos-nfc",
      "version": "0.1.0",
      "license": "MIT",
      "dependencies": {
        "dotenv": "^16.0.3",
        "nfc-pcsc": "^0.8.1",
        "nfccard-tool": "^0.1.1",
        "proc-log": "^3.0.0"
      },
      "devDependencies": {
        "prettier": "^2.8.7"
      },
      "engines": {
        "node": ">=18.0.0"
      }
    },
    "node_modules/@pokusew/pcsclite": {
      "version": "0.6.0",
      "hasInstallScript": true,
      "license": "ISC",
      "dependencies": {
        "bindings": "^1.5.0",
        "nan": "^2.14.0"
      }
    },
    "node_modules/bindings": {
      "version": "1.5.0",
      "license": "MIT",
      "dependencies": {
        "file-uri-to-path": "1.0.0"
      }
    },
    "node_modules/dotenv": {
      "version": "16.0.3",
      "resolved": "https://registry.npmjs.org/dotenv/-/dotenv-16.0.3.tgz",
      "integrity": "sha512-7GO6HghkA5fYG9TYnNxi14/7K9f5occMlp3zXAuSxn7CKCxt9xbNWG7yF8hTCSUchlfWSe3uLmlPfigevRItzQ==",
      "engines": {
        "node": ">=12"
      }
    },
    "node_modules/file-uri-to-path": {
      "version": "1.0.0",
      "license": "MIT"
    },
    "node_modules/nan": {
      "version": "2.14.2",
      "license": "MIT"
    },
    "node_modules/ndef-lib": {
      "version": "0.0.7",
      "dependencies": {
        "requirejs": "^2.3.5"
      }
    },
    "node_modules/nfc-pcsc": {
      "version": "0.8.1",
      "resolved": "https://registry.npmjs.org/nfc-pcsc/-/nfc-pcsc-0.8.1.tgz",
      "integrity": "sha512-wEfacG0dwPVZOG/WY28Mk3P4Q+yz6q7LnjpnZvdFddx3iXavEXiGhftRZXBtudr0NrzH1MrGWSkWq77tef7BMA==",
      "dependencies": {
        "@pokusew/pcsclite": "^0.6.0"
      }
    },
    "node_modules/nfccard-tool": {
      "version": "0.1.1",
      "license": "ISC",
      "dependencies": {
        "ndef-lib": "0.0.7"
      }
    },
    "node_modules/prettier": {
      "version": "2.8.7",
      "resolved": "https://registry.npmjs.org/prettier/-/prettier-2.8.7.tgz",
      "integrity": "sha512-yPngTo3aXUUmyuTjeTUT75txrf+aMh9FiD7q9ZE/i6r0bPb22g4FsE6Y338PQX1bmfy08i9QQCB7/rcUAVntfw==",
      "dev": true,
      "bin": {
        "prettier": "bin-prettier.js"
      },
      "engines": {
        "node": ">=10.13.0"
      },
      "funding": {
        "url": "https://github.com/prettier/prettier?sponsor=1"
      }
    },
    "node_modules/proc-log": {
      "version": "3.0.0",
      "resolved": "https://registry.npmjs.org/proc-log/-/proc-log-3.0.0.tgz",
      "integrity": "sha512-++Vn7NS4Xf9NacaU9Xq3URUuqZETPsf8L4j5/ckhaRYsfPeRyzGw+iDjFhV/Jr3uNmTvvddEJFWh5R1gRgUH8A==",
      "engines": {
        "node": "^14.17.0 || ^16.13.0 || >=18.0.0"
      }
    },
    "node_modules/requirejs": {
      "version": "2.3.6",
      "license": "MIT",
      "bin": {
        "r_js": "bin/r.js",
        "r.js": "bin/r.js"
      },
      "engines": {
        "node": ">=0.4.0"
      }
    }
  }
}
